
Microsoft Visual Studio Solution File, Format Version 12.00
# Visual Studio Version 17
VisualStudioVersion = 17.11.35208.52
MinimumVisualStudioVersion = 10.0.40219.1
Project("{8BC9CEB8-8B4A-11D0-8D11-00A0C91BC942}") = "9.2.1", "9.2.1.vcxproj", "{1959CD86-8E9C-456B-9532-96D9E527E284}"
EndProject
Project("{8BC9CEB8-8B4A-11D0-8D11-00A0C91BC942}") = "UnitTest1", "..\UnitTest1\UnitTest1.vcxproj", "{800F7E47-5411-4D3B-AF3C-AA3F254CDA0B}"
EndProject
Global
	GlobalSection(SolutionConfigurationPlatforms) = preSolution
		Debug|x64 = Debug|x64
		Debug|x86 = Debug|x86
		Release|x64 = Release|x64
		Release|x86 = Release|x86
	EndGlobalSection
	GlobalSection(ProjectConfigurationPlatforms) = postSolution
		{1959CD86-8E9C-456B-9532-96D9E527E284}.Debug|x64.ActiveCfg = Debug|x64
		{1959CD86-8E9C-456B-9532-96D9E527E284}.Debug|x64.Build.0 = Debug|x64
		{1959CD86-8E9C-456B-9532-96D9E527E284}.Debug|x86.ActiveCfg = Debug|Win32
		{1959CD86-8E9C-456B-9532-96D9E527E284}.Debug|x86.Build.0 = Debug|Win32
		{1959CD86-8E9C-456B-9532-96D9E527E284}.Release|x64.ActiveCfg = Release|x64
		{1959CD86-8E9C-456B-9532-96D9E527E284}.Release|x64.Build.0 = Release|x64
		{1959CD86-8E9C-456B-9532-96D9E527E284}.Release|x86.ActiveCfg = Release|Win32
		{1959CD86-8E9C-456B-9532-96D9E527E284}.Release|x86.Build.0 = Release|Win32
		{800F7E47-5411-4D3B-AF3C-AA3F254CDA0B}.Debug|x64.ActiveCfg = Debug|x64
		{800F7E47-5411-4D3B-AF3C-AA3F254CDA0B}.Debug|x64.Build.0 = Debug|x64
		{800F7E47-5411-4D3B-AF3C-AA3F254CDA0B}.Debug|x86.ActiveCfg = Debug|Win32
		{800F7E47-5411-4D3B-AF3C-AA3F254CDA0B}.Debug|x86.Build.0 = Debug|Win32
		{800F7E47-5411-4D3B-AF3C-AA3F254CDA0B}.Release|x64.ActiveCfg = Release|x64
		{800F7E47-5411-4D3B-AF3C-AA3F254CDA0B}.Release|x64.Build.0 = Release|x64
		{800F7E47-5411-4D3B-AF3C-AA3F254CDA0B}.Release|x86.ActiveCfg = Release|Win32
		{800F7E47-5411-4D3B-AF3C-AA3F254CDA0B}.Release|x86.Build.0 = Release|Win32
	EndGlobalSection
	GlobalSection(SolutionProperties) = preSolution
		HideSolutionNode = FALSE
	EndGlobalSection
	GlobalSection(ExtensibilityGlobals) = postSolution
		SolutionGuid = {9C6D1B41-ADA6-41D1-A500-E2353DFAFB9D}
	EndGlobalSection
EndGlobal
